# This file is automatically @generated by Cargo.
# It is not intended for manual editing.
version = 3

[[package]]
name = "always-assert"
version = "0.1.2"
source = "registry+https://github.com/rust-lang/crates.io-index"
checksum = "fbf688625d06217d5b1bb0ea9d9c44a1635fd0ee3534466388d18203174f4d11"
dependencies = [
 "log",
]

[[package]]
name = "autocfg"
version = "1.0.1"
source = "registry+https://github.com/rust-lang/crates.io-index"
checksum = "cdb031dd78e28731d87d56cc8ffef4a8f36ca26c38fe2de700543e627f8a464a"

[[package]]
name = "cfg-if"
version = "1.0.0"
source = "registry+https://github.com/rust-lang/crates.io-index"
checksum = "baf1de4339761588bc0619e3cbc0120ee582ebb74b53b4efbf79117bd2da40fd"

[[package]]
name = "countme"
version = "2.0.4"
source = "registry+https://github.com/rust-lang/crates.io-index"
checksum = "328b822bdcba4d4e402be8d9adb6eebf269f969f8eadef977a553ff3c4fbcb58"
dependencies = [
 "dashmap",
 "once_cell",
 "rustc-hash",
]

[[package]]
name = "cov-mark"
version = "2.0.0-pre.1"
source = "registry+https://github.com/rust-lang/crates.io-index"
checksum = "0d48d8f76bd9331f19fe2aaf3821a9f9fb32c3963e1e3d6ce82a8c09cef7444a"

[[package]]
name = "dashmap"
version = "4.0.2"
source = "registry+https://github.com/rust-lang/crates.io-index"
checksum = "e77a43b28d0668df09411cb0bc9a8c2adc40f9a048afe863e05fd43251e8e39c"
dependencies = [
 "cfg-if",
 "num_cpus",
]

[[package]]
name = "dissimilar"
version = "1.0.3"
source = "registry+https://github.com/rust-lang/crates.io-index"
checksum = "31ad93652f40969dead8d4bf897a41e9462095152eb21c56e5830537e41179dd"

[[package]]
name = "drop_bomb"
version = "0.1.5"
source = "registry+https://github.com/rust-lang/crates.io-index"
checksum = "9bda8e21c04aca2ae33ffc2fd8c23134f3cac46db123ba97bd9d3f3b8a4a85e1"

[[package]]
name = "either"
version = "1.6.1"
source = "registry+https://github.com/rust-lang/crates.io-index"
checksum = "e78d4f1cc4ae33bbfc157ed5d5a5ef3bc29227303d595861deb238fcec4e9457"

[[package]]
name = "expect-test"
version = "1.2.0-pre.1"
source = "registry+https://github.com/rust-lang/crates.io-index"
checksum = "3a2f1664bc69648747878bfe3430ad9b58bc8d9b50b3b1df9f3c081345e33197"
dependencies = [
 "dissimilar",
 "once_cell",
]

[[package]]
name = "hashbrown"
version = "0.11.2"
source = "registry+https://github.com/rust-lang/crates.io-index"
checksum = "ab5ef0d4909ef3724cc8cce6ccc8572c5c817592e9285f5464f8e86f8bd3726e"

[[package]]
name = "hermit-abi"
version = "0.1.19"
source = "registry+https://github.com/rust-lang/crates.io-index"
checksum = "62b467343b94ba476dcb2500d242dadbb39557df889310ac77c5d99100aaac33"
dependencies = [
 "libc",
]

[[package]]
name = "indexmap"
version = "1.7.0"
source = "registry+https://github.com/rust-lang/crates.io-index"
checksum = "bc633605454125dec4b66843673f01c7df2b89479b32e0ed634e43a91cff62a5"
dependencies = [
 "autocfg",
 "hashbrown",
]

[[package]]
name = "intellij-rust-native-helper"
version = "0.1.0"
dependencies = [
 "ra_ap_proc_macro_srv",
]

[[package]]
name = "itertools"
version = "0.10.1"
source = "registry+https://github.com/rust-lang/crates.io-index"
checksum = "69ddb889f9d0d08a67338271fa9b62996bc788c7796a5c18cf057420aaed5eaf"
dependencies = [
 "either",
]

[[package]]
name = "itoa"
version = "0.4.8"
source = "registry+https://github.com/rust-lang/crates.io-index"
checksum = "b71991ff56294aa922b450139ee08b3bfc70982c6b2c7562771375cf73542dd4"

[[package]]
name = "lazy_static"
version = "1.4.0"
source = "registry+https://github.com/rust-lang/crates.io-index"
checksum = "e2abad23fbc42b3700f2f279844dc832adb2b2eb069b2df918f455c4e18cc646"

[[package]]
name = "libc"
version = "0.2.108"
source = "registry+https://github.com/rust-lang/crates.io-index"
checksum = "8521a1b57e76b1ec69af7599e75e38e7b7fad6610f037db8c79b127201b5d119"

[[package]]
name = "libloading"
version = "0.7.2"
source = "registry+https://github.com/rust-lang/crates.io-index"
checksum = "afe203d669ec979b7128619bae5a63b7b42e9203c1b29146079ee05e2f604b52"
dependencies = [
 "cfg-if",
 "winapi",
]

[[package]]
name = "log"
version = "0.4.14"
source = "registry+https://github.com/rust-lang/crates.io-index"
checksum = "51b9bbe6c47d51fc3e1a9b945965946b4c44142ab8792c50835a980d362c2710"
dependencies = [
 "cfg-if",
]

[[package]]
name = "memchr"
version = "2.4.1"
source = "registry+https://github.com/rust-lang/crates.io-index"
checksum = "308cc39be01b73d0d18f82a0e7b2a3df85245f84af96fdddc5d202d27e47b86a"

[[package]]
name = "memmap2"
version = "0.5.0"
source = "registry+https://github.com/rust-lang/crates.io-index"
checksum = "4647a11b578fead29cdbb34d4adef8dd3dc35b876c9c6d5240d83f205abfe96e"
dependencies = [
 "libc",
]

[[package]]
name = "memoffset"
version = "0.6.4"
source = "registry+https://github.com/rust-lang/crates.io-index"
checksum = "59accc507f1338036a0477ef61afdae33cde60840f4dfe481319ce3ad116ddf9"
dependencies = [
 "autocfg",
]

[[package]]
name = "miow"
version = "0.3.7"
source = "registry+https://github.com/rust-lang/crates.io-index"
checksum = "b9f1c5b025cda876f66ef43a113f91ebc9f4ccef34843000e0adf6ebbab84e21"
dependencies = [
 "winapi",
]

[[package]]
name = "num_cpus"
version = "1.13.0"
source = "registry+https://github.com/rust-lang/crates.io-index"
checksum = "05499f3756671c15885fee9034446956fff3f243d6077b91e5767df161f766b3"
dependencies = [
 "hermit-abi",
 "libc",
]

[[package]]
name = "object"
version = "0.27.1"
source = "registry+https://github.com/rust-lang/crates.io-index"
checksum = "67ac1d3f9a1d3616fd9a60c8d74296f22406a238b6a72f5cc1e6f314df4ffbf9"
dependencies = [
 "memchr",
]

[[package]]
name = "once_cell"
version = "1.8.0"
source = "registry+https://github.com/rust-lang/crates.io-index"
checksum = "692fcb63b64b1758029e0a96ee63e049ce8c5948587f2f7208df04625e5f6b56"

[[package]]
name = "perf-event"
version = "0.4.7"
source = "registry+https://github.com/rust-lang/crates.io-index"
checksum = "5396562cd2eaa828445d6d34258ae21ee1eb9d40fe626ca7f51c8dccb4af9d66"
dependencies = [
 "libc",
 "perf-event-open-sys",
]

[[package]]
name = "perf-event-open-sys"
version = "1.0.1"
source = "registry+https://github.com/rust-lang/crates.io-index"
checksum = "ce9bedf5da2c234fdf2391ede2b90fabf585355f33100689bc364a3ea558561a"
dependencies = [
 "libc",
]

[[package]]
name = "pin-project-lite"
version = "0.2.7"
source = "registry+https://github.com/rust-lang/crates.io-index"
checksum = "8d31d11c69a6b52a174b42bdc0c30e5e11670f90788b2c471c31c1d17d449443"

[[package]]
name = "proc-macro2"
version = "1.0.32"
source = "registry+https://github.com/rust-lang/crates.io-index"
checksum = "ba508cc11742c0dc5c1659771673afbab7a0efab23aa17e854cbab0837ed0b43"
dependencies = [
 "unicode-xid",
]

[[package]]
name = "quote"
version = "1.0.10"
source = "registry+https://github.com/rust-lang/crates.io-index"
checksum = "38bc8cc6a5f2e3655e0899c1b848643b2562f853f114bfec7be120678e3ace05"
dependencies = [
 "proc-macro2",
]

[[package]]
name = "ra_ap_la-arena"
version = "0.0.84"
source = "registry+https://github.com/rust-lang/crates.io-index"
checksum = "2c5bb16adfa02f268207bb276791321144c03ec4337d6a3733a5ff4b6d6fe9d6"

[[package]]
name = "ra_ap_mbe"
version = "0.0.84"
source = "registry+https://github.com/rust-lang/crates.io-index"
checksum = "071fdac074bcefade0afba3c13b982f7e065fca713b05a998b95592b65c0aa9f"
dependencies = [
 "cov-mark",
 "expect-test",
 "ra_ap_parser",
 "ra_ap_stdx",
 "ra_ap_syntax",
 "ra_ap_tt",
 "rustc-hash",
 "smallvec",
 "tracing",
]

[[package]]
name = "ra_ap_parser"
version = "0.0.84"
source = "registry+https://github.com/rust-lang/crates.io-index"
checksum = "1169aa4087f32fcc81d7bb76435578d606ee9380f24d3b7688d07f0f168363b3"
dependencies = [
 "drop_bomb",
]

[[package]]
name = "ra_ap_paths"
version = "0.0.84"
source = "registry+https://github.com/rust-lang/crates.io-index"
checksum = "147c05d49674fd1d6f2bf5d6cfba995caafd5b2d1c54287327fc98368086c61b"

[[package]]
name = "ra_ap_proc_macro_api"
version = "0.0.84"
source = "registry+https://github.com/rust-lang/crates.io-index"
checksum = "b8b85ec975bdc627dd63f12c41c1812a2a537f71c24bdd95aea7ecf8cbf2e451"
dependencies = [
 "memmap2",
 "object",
 "ra_ap_paths",
 "ra_ap_profile",
 "ra_ap_stdx",
 "ra_ap_tt",
 "serde",
 "serde_json",
 "snap",
 "tracing",
]

[[package]]
name = "ra_ap_proc_macro_srv"
version = "0.0.84"
source = "registry+https://github.com/rust-lang/crates.io-index"
checksum = "0a6a5e5d8ac51ef6ff9a59d037088e4ba2c510562163de8106e65cb5b0617faf"
dependencies = [
 "libloading",
 "memmap2",
 "object",
 "ra_ap_mbe",
 "ra_ap_paths",
 "ra_ap_proc_macro_api",
 "ra_ap_tt",
]

[[package]]
name = "ra_ap_profile"
version = "0.0.84"
source = "registry+https://github.com/rust-lang/crates.io-index"
checksum = "0896d702cd4f306133533f9bfa8c9ac10e5426c15118cb26b301da64600ff617"
dependencies = [
 "cfg-if",
 "countme",
 "libc",
 "once_cell",
 "perf-event",
 "ra_ap_la-arena",
 "winapi",
]

[[package]]
name = "ra_ap_stdx"
version = "0.0.84"
source = "registry+https://github.com/rust-lang/crates.io-index"
checksum = "b3f040443ebe43829f5dfe63565dbe59de1e9c5e113d91319e30c2ff578c313e"
dependencies = [
 "always-assert",
 "libc",
 "miow",
 "winapi",
]

[[package]]
name = "ra_ap_syntax"
version = "0.0.84"
source = "registry+https://github.com/rust-lang/crates.io-index"
checksum = "2623419b2bbda5060c2b45861fafe175dabffada29e75bb9b7968e47f0a4d32d"
dependencies = [
 "cov-mark",
 "indexmap",
 "itertools",
 "once_cell",
 "ra_ap_parser",
 "ra_ap_profile",
 "ra_ap_stdx",
 "ra_ap_text_edit",
 "rowan",
 "rustc-ap-rustc_lexer",
 "rustc-hash",
 "smol_str",
]

[[package]]
name = "ra_ap_text_edit"
version = "0.0.84"
source = "registry+https://github.com/rust-lang/crates.io-index"
checksum = "e832233b83d68af47178e6d27cec8d13a2692d69234ee369cdc41db3531c891f"
dependencies = [
 "text-size",
]

[[package]]
name = "ra_ap_tt"
version = "0.0.84"
source = "registry+https://github.com/rust-lang/crates.io-index"
checksum = "b994632853088cbd68de5e5d04b3ed676ef55c1e60385a2ff25fee60f04673c1"
dependencies = [
 "ra_ap_stdx",
 "smol_str",
]

[[package]]
name = "rowan"
version = "0.14.1"
source = "registry+https://github.com/rust-lang/crates.io-index"
checksum = "4f77412a3d1f26af0c0783c23b3555a301b1a49805cba7bf9a7827a9e9e285f0"
dependencies = [
 "countme",
 "hashbrown",
 "memoffset",
 "rustc-hash",
 "text-size",
]

[[package]]
name = "rustc-ap-rustc_lexer"
version = "725.0.0"
source = "registry+https://github.com/rust-lang/crates.io-index"
checksum = "f950742ef8a203aa7661aad3ab880438ddeb7f95d4b837c30d65db1a2c5df68e"
dependencies = [
 "unicode-xid",
]

[[package]]
name = "rustc-hash"
version = "1.1.0"
source = "registry+https://github.com/rust-lang/crates.io-index"
checksum = "08d43f7aa6b08d49f382cde6a7982047c3426db949b1424bc4b7ec9ae12c6ce2"

[[package]]
name = "ryu"
version = "1.0.5"
source = "registry+https://github.com/rust-lang/crates.io-index"
checksum = "71d301d4193d031abdd79ff7e3dd721168a9572ef3fe51a1517aba235bd8f86e"

[[package]]
name = "serde"
version = "1.0.130"
source = "registry+https://github.com/rust-lang/crates.io-index"
checksum = "f12d06de37cf59146fbdecab66aa99f9fe4f78722e3607577a5375d66bd0c913"
dependencies = [
 "serde_derive",
]

[[package]]
name = "serde_derive"
version = "1.0.130"
source = "registry+https://github.com/rust-lang/crates.io-index"
checksum = "d7bc1a1ab1961464eae040d96713baa5a724a8152c1222492465b54322ec508b"
dependencies = [
 "proc-macro2",
 "quote",
 "syn",
]

[[package]]
name = "serde_json"
version = "1.0.71"
source = "registry+https://github.com/rust-lang/crates.io-index"
checksum = "063bf466a64011ac24040a49009724ee60a57da1b437617ceb32e53ad61bfb19"
dependencies = [
 "itoa",
 "ryu",
 "serde",
]

[[package]]
name = "smallvec"
version = "1.7.0"
source = "registry+https://github.com/rust-lang/crates.io-index"
checksum = "1ecab6c735a6bb4139c0caafd0cc3635748bbb3acf4550e8138122099251f309"

[[package]]
name = "smol_str"
version = "0.1.21"
source = "registry+https://github.com/rust-lang/crates.io-index"
checksum = "61d15c83e300cce35b7c8cd39ff567c1ef42dde6d4a1a38dbdbf9a59902261bd"
dependencies = [
 "serde",
]

[[package]]
name = "snap"
version = "1.0.5"
source = "registry+https://github.com/rust-lang/crates.io-index"
checksum = "45456094d1983e2ee2a18fdfebce3189fa451699d0502cb8e3b49dba5ba41451"

[[package]]
name = "syn"
version = "1.0.81"
source = "registry+https://github.com/rust-lang/crates.io-index"
checksum = "f2afee18b8beb5a596ecb4a2dce128c719b4ba399d34126b9e4396e3f9860966"
dependencies = [
 "proc-macro2",
 "quote",
 "unicode-xid",
]

[[package]]
name = "text-size"
version = "1.1.0"
source = "registry+https://github.com/rust-lang/crates.io-index"
checksum = "288cb548dbe72b652243ea797201f3d481a0609a967980fcc5b2315ea811560a"

[[package]]
name = "tracing"
version = "0.1.29"
source = "registry+https://github.com/rust-lang/crates.io-index"
checksum = "375a639232caf30edfc78e8d89b2d4c375515393e7af7e16f01cd96917fb2105"
dependencies = [
 "cfg-if",
 "pin-project-lite",
 "tracing-attributes",
 "tracing-core",
]

[[package]]
name = "tracing-attributes"
version = "0.1.18"
source = "registry+https://github.com/rust-lang/crates.io-index"
checksum = "f4f480b8f81512e825f337ad51e94c1eb5d3bbdf2b363dcd01e2b19a9ffe3f8e"
dependencies = [
 "proc-macro2",
 "quote",
 "syn",
]

[[package]]
name = "tracing-core"
version = "0.1.21"
source = "registry+https://github.com/rust-lang/crates.io-index"
checksum = "1f4ed65637b8390770814083d20756f87bfa2c21bf2f110babdc5438351746e4"
dependencies = [
 "lazy_static",
]

[[package]]
name = "unicode-xid"
version = "0.2.2"
source = "registry+https://github.com/rust-lang/crates.io-index"
checksum = "8ccb82d61f80a663efe1f787a51b16b5a51e3314d6ac365b08639f52387b33f3"

[[package]]
name = "winapi"
version = "0.3.9"
source = "registry+https://github.com/rust-lang/crates.io-index"
checksum = "5c839a674fcd7a98952e593242ea400abe93992746761e38641405d28b00f419"
dependencies = [
 "winapi-i686-pc-windows-gnu",
 "winapi-x86_64-pc-windows-gnu",
]

[[package]]
name = "winapi-i686-pc-windows-gnu"
version = "0.4.0"
source = "registry+https://github.com/rust-lang/crates.io-index"
checksum = "ac3b87c63620426dd9b991e5ce0329eff545bccbbb34f3be09ff6fb6ab51b7b6"

[[package]]
name = "winapi-x86_64-pc-windows-gnu"
version = "0.4.0"
source = "registry+https://github.com/rust-lang/crates.io-index"
checksum = "712e227841d057c1ee1cd2fb22fa7e5a5461ae8e48fa2ca79ec42cfc1931183f"
