# This file is automatically @generated by Cargo.
# It is not intended for manual editing.
[[package]]
name = "arrayvec"
version = "0.5.2"
source = "registry+https://github.com/rust-lang/crates.io-index"
checksum = "23b62fc65de8e4e7f52534fb52b0f3ed04746ae267519eef2a83941e8085068b"

[[package]]
name = "autocfg"
version = "1.0.1"
source = "registry+https://github.com/rust-lang/crates.io-index"
checksum = "cdb031dd78e28731d87d56cc8ffef4a8f36ca26c38fe2de700543e627f8a464a"

[[package]]
name = "cfg-if"
version = "0.1.10"
source = "registry+https://github.com/rust-lang/crates.io-index"
checksum = "4785bdd1c96b2a846b2bd7cc02e86b6b3dbf14e7e53446c4f54c92a361040822"

[[package]]
name = "cfg-if"
version = "1.0.0"
source = "registry+https://github.com/rust-lang/crates.io-index"
checksum = "baf1de4339761588bc0619e3cbc0120ee582ebb74b53b4efbf79117bd2da40fd"

[[package]]
name = "crossbeam-channel"
version = "0.5.0"
source = "registry+https://github.com/rust-lang/crates.io-index"
checksum = "dca26ee1f8d361640700bde38b2c37d8c22b3ce2d360e1fc1c74ea4b0aa7d775"
dependencies = [
 "cfg-if 1.0.0",
 "crossbeam-utils",
]

[[package]]
name = "crossbeam-utils"
version = "0.8.1"
source = "registry+https://github.com/rust-lang/crates.io-index"
checksum = "02d96d1e189ef58269ebe5b97953da3274d83a93af647c2ddd6f9dab28cedb8d"
dependencies = [
 "autocfg",
 "cfg-if 1.0.0",
 "lazy_static",
]

[[package]]
name = "difference"
version = "2.0.0"
source = "registry+https://github.com/rust-lang/crates.io-index"
checksum = "524cbf6897b527295dff137cec09ecf3a05f4fddffd7dfcd1585403449e74198"

[[package]]
name = "drop_bomb"
version = "0.1.5"
source = "registry+https://github.com/rust-lang/crates.io-index"
checksum = "9bda8e21c04aca2ae33ffc2fd8c23134f3cac46db123ba97bd9d3f3b8a4a85e1"

[[package]]
name = "either"
version = "1.6.1"
source = "registry+https://github.com/rust-lang/crates.io-index"
checksum = "e78d4f1cc4ae33bbfc157ed5d5a5ef3bc29227303d595861deb238fcec4e9457"

[[package]]
name = "fst"
version = "0.4.5"
source = "registry+https://github.com/rust-lang/crates.io-index"
checksum = "d79238883cf0307100b90aba4a755d8051a3182305dfe7f649a1e9dc0517006f"

[[package]]
name = "hashbrown"
version = "0.9.1"
source = "registry+https://github.com/rust-lang/crates.io-index"
checksum = "d7afe4a420e3fe79967a00898cc1f4db7c8a49a9333a29f8a4bd76a253d5cd04"

[[package]]
name = "heck"
version = "0.3.2"
source = "registry+https://github.com/rust-lang/crates.io-index"
checksum = "87cbf45460356b7deeb5e3415b5563308c0a9b057c85e12b06ad551f98d0a6ac"
dependencies = [
 "unicode-segmentation",
]

[[package]]
name = "indexmap"
version = "1.6.1"
source = "registry+https://github.com/rust-lang/crates.io-index"
checksum = "4fb1fa934250de4de8aef298d81c729a7d33d8c239daa3a7575e6b92bfc7313b"
dependencies = [
 "autocfg",
 "hashbrown",
]

[[package]]
name = "instant"
version = "0.1.9"
source = "registry+https://github.com/rust-lang/crates.io-index"
checksum = "61124eeebbd69b8190558df225adf7e4caafce0d743919e5d6b19652314ec5ec"
dependencies = [
 "cfg-if 1.0.0",
]

[[package]]
name = "itertools"
version = "0.9.0"
source = "registry+https://github.com/rust-lang/crates.io-index"
checksum = "284f18f85651fe11e8a991b2adb42cb078325c996ed026d994719efcfca1d54b"
dependencies = [
 "either",
]

[[package]]
name = "itoa"
version = "0.4.6"
source = "registry+https://github.com/rust-lang/crates.io-index"
checksum = "dc6f3ad7b9d11a0c00842ff8de1b60ee58661048eb8049ed33c73594f359d7e6"

[[package]]
name = "jod-thread"
version = "0.1.2"
source = "registry+https://github.com/rust-lang/crates.io-index"
checksum = "8b23360e99b8717f20aaa4598f5a6541efbe30630039fbc7706cf954a87947ae"

[[package]]
name = "lazy_static"
version = "1.4.0"
source = "registry+https://github.com/rust-lang/crates.io-index"
checksum = "e2abad23fbc42b3700f2f279844dc832adb2b2eb069b2df918f455c4e18cc646"

[[package]]
name = "libc"
version = "0.2.81"
source = "registry+https://github.com/rust-lang/crates.io-index"
checksum = "1482821306169ec4d07f6aca392a4681f66c75c9918aa49641a2595db64053cb"

[[package]]
name = "libloading"
version = "0.6.6"
source = "registry+https://github.com/rust-lang/crates.io-index"
checksum = "e9367bdfa836b7e3cf895867f7a570283444da90562980ec2263d6e1569b16bc"
dependencies = [
 "cfg-if 1.0.0",
 "winapi",
]

[[package]]
name = "lock_api"
version = "0.4.2"
source = "registry+https://github.com/rust-lang/crates.io-index"
checksum = "dd96ffd135b2fd7b973ac026d28085defbe8983df057ced3eb4f2130b0831312"
dependencies = [
 "scopeguard",
]

[[package]]
name = "log"
version = "0.4.11"
source = "registry+https://github.com/rust-lang/crates.io-index"
checksum = "4fabed175da42fed1fa0746b0ea71f412aa9d35e76e95e59b192c64b9dc2bf8b"
dependencies = [
 "cfg-if 0.1.10",
]

[[package]]
name = "memmap"
version = "0.7.0"
source = "registry+https://github.com/rust-lang/crates.io-index"
checksum = "6585fd95e7bb50d6cc31e20d4cf9afb4e2ba16c5846fc76793f11218da9c475b"
dependencies = [
 "libc",
 "winapi",
]

[[package]]
name = "object"
version = "0.23.0"
source = "registry+https://github.com/rust-lang/crates.io-index"
checksum = "a9a7ab5d64814df0fe4a4b5ead45ed6c5f181ee3ff04ba344313a6c80446c5d4"

[[package]]
name = "once_cell"
version = "1.5.2"
source = "registry+https://github.com/rust-lang/crates.io-index"
checksum = "13bd41f508810a131401606d54ac32a467c97172d74ba7662562ebba5ad07fa0"

[[package]]
name = "oorandom"
version = "11.1.3"
source = "registry+https://github.com/rust-lang/crates.io-index"
checksum = "0ab1bc2a289d34bd04a330323ac98a1b4bc82c9d9fcb1e66b63caa84da26b575"

[[package]]
name = "parking_lot"
version = "0.11.1"
source = "registry+https://github.com/rust-lang/crates.io-index"
checksum = "6d7744ac029df22dca6284efe4e898991d28e3085c706c972bcd7da4a27a15eb"
dependencies = [
 "instant",
 "lock_api",
 "parking_lot_core",
]

[[package]]
name = "parking_lot_core"
version = "0.8.2"
source = "registry+https://github.com/rust-lang/crates.io-index"
checksum = "9ccb628cad4f84851442432c60ad8e1f607e29752d0bf072cbd0baf28aa34272"
dependencies = [
 "cfg-if 1.0.0",
 "instant",
 "libc",
 "redox_syscall",
 "smallvec",
 "winapi",
]

[[package]]
name = "perf-event"
version = "0.4.6"
source = "registry+https://github.com/rust-lang/crates.io-index"
checksum = "b7a1c2678a77d65edf773bd900f5b87f0944ac3421949842a2c6a4efe42d6c66"
dependencies = [
 "libc",
 "perf-event-open-sys",
]

[[package]]
name = "perf-event-open-sys"
version = "1.0.1"
source = "registry+https://github.com/rust-lang/crates.io-index"
checksum = "ce9bedf5da2c234fdf2391ede2b90fabf585355f33100689bc364a3ea558561a"
dependencies = [
 "libc",
]

[[package]]
name = "proc-macro2"
version = "1.0.24"
source = "registry+https://github.com/rust-lang/crates.io-index"
checksum = "1e0704ee1a7e00d7bb417d0770ea303c1bccbabf0ef1667dae92b5967f5f8a71"
dependencies = [
 "unicode-xid",
]

[[package]]
name = "proc_macro_expander"
version = "0.1.0"
dependencies = [
 "ra_ap_proc_macro_srv",
]

[[package]]
name = "quote"
version = "1.0.8"
source = "registry+https://github.com/rust-lang/crates.io-index"
checksum = "991431c3519a3f36861882da93630ce66b52918dcf1b8e2fd66b397fc96f28df"
dependencies = [
 "proc-macro2",
]

[[package]]
name = "ra_ap_arena"
version = "0.0.29"
source = "registry+https://github.com/rust-lang/crates.io-index"
checksum = "8f4efa0870236117f04043a46dd2c97c1ec104139a8beed5cd56eb57e8d3ee5f"

[[package]]
name = "ra_ap_base_db"
version = "0.0.29"
source = "registry+https://github.com/rust-lang/crates.io-index"
checksum = "f2b086d7abc28a7fa624ad25bcb7816945562f6a7b95be403938c1ed34c46bbe"
dependencies = [
 "ra_ap_cfg",
 "ra_ap_profile",
 "ra_ap_stdx",
 "ra_ap_syntax",
 "ra_ap_test_utils",
 "ra_ap_tt",
 "ra_ap_vfs",
 "rustc-hash",
 "salsa",
]

[[package]]
name = "ra_ap_cfg"
version = "0.0.29"
source = "registry+https://github.com/rust-lang/crates.io-index"
checksum = "9c6e3205edda14e970c6cd6ad702dd8c7da8bd08dd45af699b0de642787fa330"
dependencies = [
 "ra_ap_tt",
 "rustc-hash",
]

[[package]]
name = "ra_ap_mbe"
version = "0.0.29"
source = "registry+https://github.com/rust-lang/crates.io-index"
checksum = "3fc5e597a51b017741329a893f325e8de830ae1c947cda2c8fad358d9f813e25"
dependencies = [
 "log",
 "ra_ap_parser",
 "ra_ap_syntax",
 "ra_ap_tt",
 "rustc-hash",
 "smallvec",
]

[[package]]
name = "ra_ap_parser"
version = "0.0.29"
source = "registry+https://github.com/rust-lang/crates.io-index"
checksum = "aee8fb1c4bef0fed4768ca0372e36171f75ec5a490bb4349ef1a980d277f9bf0"
dependencies = [
 "drop_bomb",
]

[[package]]
name = "ra_ap_paths"
version = "0.0.29"
source = "registry+https://github.com/rust-lang/crates.io-index"
checksum = "662a82cadfc73998bb3d66e58c3c3b0cd11e17171cb4cd128cc80f2e888329c0"

[[package]]
name = "ra_ap_proc_macro_api"
version = "0.0.29"
source = "registry+https://github.com/rust-lang/crates.io-index"
checksum = "015876839b2d5768d863614148fa1a93f83c54a8e762879a6cc85562326e30d2"
dependencies = [
 "crossbeam-channel",
 "jod-thread",
 "log",
 "ra_ap_base_db",
 "ra_ap_tt",
 "serde",
 "serde_json",
]

[[package]]
name = "ra_ap_proc_macro_srv"
version = "0.0.29"
source = "registry+https://github.com/rust-lang/crates.io-index"
checksum = "4dff2ac63d26d4739be0482fe26e185e9b3a9cdbb1ff9b063cd4d601a28052ad"
dependencies = [
 "libloading",
 "memmap",
 "object",
 "ra_ap_mbe",
 "ra_ap_proc_macro_api",
 "ra_ap_test_utils",
 "ra_ap_tt",
]

[[package]]
name = "ra_ap_profile"
version = "0.0.29"
source = "registry+https://github.com/rust-lang/crates.io-index"
checksum = "485f793574d8c1b09565ed0a8d492017a82a3f8827124779ab81c22d8c77ad8d"
dependencies = [
 "cfg-if 1.0.0",
 "libc",
 "once_cell",
 "perf-event",
 "ra_ap_arena",
]

[[package]]
name = "ra_ap_stdx"
version = "0.0.29"
source = "registry+https://github.com/rust-lang/crates.io-index"
checksum = "691d768b89d6bef249a48fec5f88fb27acf6bc0ba454ee64cc5d07088dcbe15b"

[[package]]
name = "ra_ap_syntax"
version = "0.0.29"
source = "registry+https://github.com/rust-lang/crates.io-index"
checksum = "f22aa1307a07a61972b6104e7fc602919ae74ccfb3bf91db354c6c7b465ab37d"
dependencies = [
 "arrayvec",
 "indexmap",
 "itertools",
 "once_cell",
 "ra_ap_parser",
 "ra_ap_profile",
 "ra_ap_stdx",
 "ra_ap_test_utils",
 "ra_ap_text_edit",
 "rowan",
 "rustc-ap-rustc_lexer",
 "rustc-hash",
 "serde",
 "smol_str",
]

[[package]]
name = "ra_ap_test_utils"
version = "0.0.29"
source = "registry+https://github.com/rust-lang/crates.io-index"
checksum = "b0c1c2da3a8498c3bc98c46bb688084e080b87c56971d6d1c8d4b92d2aab6f8b"
dependencies = [
 "difference",
 "ra_ap_stdx",
 "rustc-hash",
 "serde_json",
 "text-size",
]

[[package]]
name = "ra_ap_text_edit"
version = "0.0.29"
source = "registry+https://github.com/rust-lang/crates.io-index"
checksum = "111df88d0b980f7433e0023df31b7cf0b84b604a7852973107e01e0827a32e9b"
dependencies = [
 "text-size",
]

[[package]]
name = "ra_ap_tt"
version = "0.0.29"
source = "registry+https://github.com/rust-lang/crates.io-index"
checksum = "2c0b4f46ce80aa952492dd1377c0008af730afc130071a65f98e0e56e27264b1"
dependencies = [
 "ra_ap_stdx",
 "smol_str",
]

[[package]]
name = "ra_ap_vfs"
version = "0.0.29"
source = "registry+https://github.com/rust-lang/crates.io-index"
checksum = "c756af9fa0fbf6131b0a2790742f6d0792ca2a7f7533e56be324256616417e06"
dependencies = [
 "fst",
 "ra_ap_paths",
 "rustc-hash",
]

[[package]]
name = "redox_syscall"
version = "0.1.57"
source = "registry+https://github.com/rust-lang/crates.io-index"
checksum = "41cc0f7e4d5d4544e8861606a285bb08d3e70712ccc7d2b84d7c0ccfaf4b05ce"

[[package]]
name = "rowan"
version = "0.10.0"
source = "registry+https://github.com/rust-lang/crates.io-index"
checksum = "1e081ed6eacce09e243b619ab90f069c27b0cff8a6d0eb8ad2ec935b65853798"
dependencies = [
 "rustc-hash",
 "smol_str",
 "text-size",
 "thin-dst",
]

[[package]]
name = "rustc-ap-rustc_lexer"
version = "691.0.0"
source = "registry+https://github.com/rust-lang/crates.io-index"
checksum = "44bc89d9ca7a78fb82e103b389362c55f03800745f8ba14e068b805cfaf783ec"
dependencies = [
 "unicode-xid",
]

[[package]]
name = "rustc-hash"
version = "1.1.0"
source = "registry+https://github.com/rust-lang/crates.io-index"
checksum = "08d43f7aa6b08d49f382cde6a7982047c3426db949b1424bc4b7ec9ae12c6ce2"

[[package]]
name = "ryu"
version = "1.0.5"
source = "registry+https://github.com/rust-lang/crates.io-index"
checksum = "71d301d4193d031abdd79ff7e3dd721168a9572ef3fe51a1517aba235bd8f86e"

[[package]]
name = "salsa"
version = "0.16.0"
source = "registry+https://github.com/rust-lang/crates.io-index"
checksum = "d8fadca2ab5de17acf66d744f4888049ca8f1bb9b8a1ab8afd9d032cc959c5dc"
dependencies = [
 "crossbeam-utils",
 "indexmap",
 "lock_api",
 "log",
 "oorandom",
 "parking_lot",
 "rustc-hash",
 "salsa-macros",
 "smallvec",
]

[[package]]
name = "salsa-macros"
version = "0.16.0"
source = "registry+https://github.com/rust-lang/crates.io-index"
checksum = "cd3904a4ba0a9d0211816177fd34b04c7095443f8cdacd11175064fe541c8fe2"
dependencies = [
 "heck",
 "proc-macro2",
 "quote",
 "syn",
]

[[package]]
name = "scopeguard"
version = "1.1.0"
source = "registry+https://github.com/rust-lang/crates.io-index"
checksum = "d29ab0c6d3fc0ee92fe66e2d99f700eab17a8d57d1c1d3b748380fb20baa78cd"

[[package]]
name = "serde"
version = "1.0.118"
source = "registry+https://github.com/rust-lang/crates.io-index"
checksum = "06c64263859d87aa2eb554587e2d23183398d617427327cf2b3d0ed8c69e4800"
dependencies = [
 "serde_derive",
]

[[package]]
name = "serde_derive"
version = "1.0.118"
source = "registry+https://github.com/rust-lang/crates.io-index"
checksum = "c84d3526699cd55261af4b941e4e725444df67aa4f9e6a3564f18030d12672df"
dependencies = [
 "proc-macro2",
 "quote",
 "syn",
]

[[package]]
name = "serde_json"
version = "1.0.60"
source = "registry+https://github.com/rust-lang/crates.io-index"
checksum = "1500e84d27fe482ed1dc791a56eddc2f230046a040fa908c08bda1d9fb615779"
dependencies = [
 "itoa",
 "ryu",
 "serde",
]

[[package]]
name = "smallvec"
version = "1.5.1"
source = "registry+https://github.com/rust-lang/crates.io-index"
checksum = "ae524f056d7d770e174287294f562e95044c68e88dec909a00d2094805db9d75"

[[package]]
name = "smol_str"
version = "0.1.17"
source = "registry+https://github.com/rust-lang/crates.io-index"
checksum = "6ca0f7ce3a29234210f0f4f0b56f8be2e722488b95cb522077943212da3b32eb"
dependencies = [
 "serde",
]

[[package]]
name = "syn"
version = "1.0.56"
source = "registry+https://github.com/rust-lang/crates.io-index"
checksum = "a9802ddde94170d186eeee5005b798d9c159fa970403f1be19976d0cfb939b72"
dependencies = [
 "proc-macro2",
 "quote",
 "unicode-xid",
]

[[package]]
name = "text-size"
version = "1.0.0"
source = "registry+https://github.com/rust-lang/crates.io-index"
checksum = "f03e7efdedc3bc78cb2337f1e2785c39e45f5ef762d9e4ebb137fff7380a6d8a"

[[package]]
name = "thin-dst"
version = "1.1.0"
source = "registry+https://github.com/rust-lang/crates.io-index"
checksum = "db3c46be180f1af9673ebb27bc1235396f61ef6965b3fe0dbb2e624deb604f0e"

[[package]]
name = "unicode-segmentation"
version = "1.7.1"
source = "registry+https://github.com/rust-lang/crates.io-index"
checksum = "bb0d2e7be6ae3a5fa87eed5fb451aff96f2573d2694942e40543ae0bbe19c796"

[[package]]
name = "unicode-xid"
version = "0.2.1"
source = "registry+https://github.com/rust-lang/crates.io-index"
checksum = "f7fe0bb3479651439c9112f72b6c505038574c9fbb575ed1bf3b797fa39dd564"

[[package]]
name = "winapi"
version = "0.3.9"
source = "registry+https://github.com/rust-lang/crates.io-index"
checksum = "5c839a674fcd7a98952e593242ea400abe93992746761e38641405d28b00f419"
dependencies = [
 "winapi-i686-pc-windows-gnu",
 "winapi-x86_64-pc-windows-gnu",
]

[[package]]
name = "winapi-i686-pc-windows-gnu"
version = "0.4.0"
source = "registry+https://github.com/rust-lang/crates.io-index"
checksum = "ac3b87c63620426dd9b991e5ce0329eff545bccbbb34f3be09ff6fb6ab51b7b6"

[[package]]
name = "winapi-x86_64-pc-windows-gnu"
version = "0.4.0"
source = "registry+https://github.com/rust-lang/crates.io-index"
checksum = "712e227841d057c1ee1cd2fb22fa7e5a5461ae8e48fa2ca79ec42cfc1931183f"
